
Microsoft Visual Studio Solution File, Format Version 12.00
# Visual Studio Version 17
VisualStudioVersion = 17.8.34330.188
MinimumVisualStudioVersion = 10.0.40219.1
Project("{FAE04EC0-301F-11D3-BF4B-00C04F79EFBC}") = "made_by_Lena_TG_bot", "made_by_Lena_TG_bot\made_by_Lena_TG_bot.csproj", "{11C47FEA-D947-408D-A8AE-5E200B7F4EEF}"
EndProject
Global
	GlobalSection(SolutionConfigurationPlatforms) = preSolution
		Debug|Any CPU = Debug|Any CPU
		Release|Any CPU = Release|Any CPU
	EndGlobalSection
	GlobalSection(ProjectConfigurationPlatforms) = postSolution
		{11C47FEA-D947-408D-A8AE-5E200B7F4EEF}.Debug|Any CPU.ActiveCfg = Debug|Any CPU
		{11C47FEA-D947-408D-A8AE-5E200B7F4EEF}.Debug|Any CPU.Build.0 = Debug|Any CPU
		{11C47FEA-D947-408D-A8AE-5E200B7F4EEF}.Release|Any CPU.ActiveCfg = Release|Any CPU
		{11C47FEA-D947-408D-A8AE-5E200B7F4EEF}.Release|Any CPU.Build.0 = Release|Any CPU
	EndGlobalSection
	GlobalSection(SolutionProperties) = preSolution
		HideSolutionNode = FALSE
	EndGlobalSection
	GlobalSection(ExtensibilityGlobals) = postSolution
		SolutionGuid = {C3825ACD-4B4D-4407-BA93-F95062954537}
	EndGlobalSection
EndGlobal
